# This file is automatically @generated by Cargo.
# It is not intended for manual editing.
version = 4

[[package]]
name = "allocator-api2"
version = "0.2.21"
source = "registry+https://github.com/rust-lang/crates.io-index"
checksum = "683d7910e743518b0e34f1186f92494becacb047c7b6bf616c96772180fef923"

[[package]]
name = "autocfg"
version = "1.5.0"
source = "registry+https://github.com/rust-lang/crates.io-index"
checksum = "c08606f8c3cbf4ce6ec8e28fb0014a2c086708fe954eaa885384a6165172e7e8"

[[package]]
name = "const-fnv1a-hash"
version = "1.1.0"
source = "registry+https://github.com/rust-lang/crates.io-index"
checksum = "32b13ea120a812beba79e34316b3942a857c86ec1593cb34f27bb28272ce2cca"

[[package]]
name = "equivalent"
version = "1.0.2"
source = "registry+https://github.com/rust-lang/crates.io-index"
checksum = "877a4ace8713b0bcf2a4e7eec82529c029f1d0619886d18145fea96c3ffe5c0f"

[[package]]
name = "facet"
version = "0.43.2"
source = "registry+https://github.com/rust-lang/crates.io-index"
checksum = "e338357cf598728b41e45744d024bdc063338214992361766928a1421bd7541d"
dependencies = [
 "autocfg",
 "facet-core",
 "facet-macros",
]

[[package]]
name = "facet-core"
version = "0.43.2"
source = "registry+https://github.com/rust-lang/crates.io-index"
checksum = "a63e0ade4c53b40220614b8fc2a0a0ce21975941b553081521a195c848b2e9c2"
dependencies = [
 "autocfg",
 "const-fnv1a-hash",
 "iddqd",
 "impls",
]

[[package]]
name = "facet-dessert"
version = "0.43.2"
source = "registry+https://github.com/rust-lang/crates.io-index"
checksum = "637aa74d6510e43019c8bb764fce5e999d7cdc1d068a9b993bb2f2325fb533af"
dependencies = [
 "facet-core",
 "facet-reflect",
]

[[package]]
name = "facet-format"
version = "0.43.2"
source = "registry+https://github.com/rust-lang/crates.io-index"
checksum = "0ae2f526d1c4797fffe1e41ccb53104473f947b1f146d0e91a7290658078e22b"
dependencies = [
 "facet-core",
 "facet-dessert",
 "facet-path",
 "facet-reflect",
 "facet-solver",
]

[[package]]
name = "facet-macro-parse"
version = "0.43.2"
source = "registry+https://github.com/rust-lang/crates.io-index"
checksum = "83ea29147986d0e184600cec533c41d6065c3c3d4b5b5745a8403494ca216b09"
dependencies = [
 "facet-macro-types",
 "proc-macro2",
 "quote",
]

[[package]]
name = "facet-macro-types"
version = "0.43.2"
source = "registry+https://github.com/rust-lang/crates.io-index"
checksum = "31b0035cf41c0d4eeee82effc9161512d216d1378dd89c4d8721258429e38597"
dependencies = [
 "proc-macro2",
 "quote",
 "unsynn",
]

[[package]]
name = "facet-macros"
version = "0.43.2"
source = "registry+https://github.com/rust-lang/crates.io-index"
checksum = "77a784f2fa36d3165b95639af790249dee0d8efdef7d53f9417cace91697e2e3"
dependencies = [
 "facet-macros-impl",
]

[[package]]
name = "facet-macros-impl"
version = "0.43.2"
source = "registry+https://github.com/rust-lang/crates.io-index"
checksum = "cf8f45c6380398bf74e59b97a20012de571502c609e580d84579d1140e491c1c"
dependencies = [
 "facet-macro-parse",
 "facet-macro-types",
 "proc-macro2",
 "quote",
 "strsim",
 "unsynn",
]

[[package]]
name = "facet-path"
version = "0.43.2"
source = "registry+https://github.com/rust-lang/crates.io-index"
checksum = "bfbb5bdb426428005af0658b46e0c8d73c42b73c59a2a9e47cb52fa2f4dbc8b8"
dependencies = [
 "facet-core",
]

[[package]]
name = "facet-reflect"
version = "0.43.2"
source = "registry+https://github.com/rust-lang/crates.io-index"
checksum = "4418c9fceaac9adcd055cc3732954d79b5d67ef04fb855dd219f2b314ba26cff"
dependencies = [
 "facet-core",
]

[[package]]
name = "facet-solver"
version = "0.43.2"
source = "registry+https://github.com/rust-lang/crates.io-index"
checksum = "e658ff4822b1ece03ab0cfeee867d41e7483b593be63345468806994d6fcd942"
dependencies = [
 "facet-core",
 "facet-reflect",
]

[[package]]
name = "facet-value"
version = "0.43.2"
source = "registry+https://github.com/rust-lang/crates.io-index"
checksum = "483dc76f7e999de82d8013a3f1f08463d97227bb7af34dd5e39a8dd9c4f24472"
dependencies = [
 "facet-core",
 "facet-format",
 "facet-reflect",
 "indexmap",
]

[[package]]
name = "foldhash"
version = "0.2.0"
source = "registry+https://github.com/rust-lang/crates.io-index"
checksum = "77ce24cb58228fbb8aa041425bb1050850ac19177686ea6e0f41a70416f56fdb"

[[package]]
name = "hashbrown"
version = "0.16.1"
source = "registry+https://github.com/rust-lang/crates.io-index"
checksum = "841d1cc9bed7f9236f321df977030373f4a4163ae1a7dbfe1a51a2c1a51d9100"
dependencies = [
 "allocator-api2",
]

[[package]]
name = "iddqd"
version = "0.3.17"
source = "registry+https://github.com/rust-lang/crates.io-index"
checksum = "6b215e67ed1d1a4b1702acd787c487d16e4c977c5dcbcc4587bdb5ea26b6ce06"
dependencies = [
 "allocator-api2",
 "equivalent",
 "foldhash",
 "hashbrown",
 "rustc-hash",
]

[[package]]
name = "impls"
version = "1.0.3"
source = "registry+https://github.com/rust-lang/crates.io-index"
checksum = "7a46645bbd70538861a90d0f26c31537cdf1e44aae99a794fb75a664b70951bc"

[[package]]
name = "indexmap"
version = "2.13.0"
source = "registry+https://github.com/rust-lang/crates.io-index"
checksum = "7714e70437a7dc3ac8eb7e6f8df75fd8eb422675fc7678aff7364301092b1017"
dependencies = [
 "equivalent",
 "hashbrown",
]

[[package]]
name = "mutants"
version = "0.0.3"
source = "registry+https://github.com/rust-lang/crates.io-index"
checksum = "bc0287524726960e07b119cebd01678f852f147742ae0d925e6a520dca956126"

[[package]]
name = "proc-macro2"
version = "1.0.106"
source = "registry+https://github.com/rust-lang/crates.io-index"
checksum = "8fd00f0bb2e90d81d1044c2b32617f68fcb9fa3bb7640c23e9c748e53fb30934"
dependencies = [
 "unicode-ident",
]

[[package]]
name = "quote"
version = "1.0.44"
source = "registry+https://github.com/rust-lang/crates.io-index"
checksum = "21b2ebcf727b7760c461f091f9f0f539b77b8e87f2fd88131e7f1b433b3cece4"
dependencies = [
 "proc-macro2",
]

[[package]]
name = "rustc-hash"
version = "2.1.1"
source = "registry+https://github.com/rust-lang/crates.io-index"
checksum = "357703d41365b4b27c590e3ed91eabb1b663f07c4c084095e60cbed4362dff0d"

[[package]]
name = "strsim"
version = "0.11.1"
source = "registry+https://github.com/rust-lang/crates.io-index"
checksum = "7da8b5736845d9f2fcb837ea5d9e2628564b3b043a70948a3f0b778838c5fb4f"

[[package]]
name = "tsui-app"
version = "0.1.0-dev"

[[package]]
name = "tsui-cli"
version = "0.1.0-dev"

[[package]]
name = "tsui-egui"
version = "0.1.0-dev"

[[package]]
name = "tsui-layout"
version = "0.1.0-dev"

[[package]]
name = "tsui-model"
version = "0.1.0-dev"
dependencies = [
 "facet",
 "facet-value",
]

[[package]]
name = "tsui-nu"
version = "0.1.0-dev"

[[package]]
name = "tsui-plugin"
version = "0.1.0-dev"

[[package]]
name = "tsui-registry"
version = "0.1.0-dev"

[[package]]
name = "tsui-roam"
version = "0.1.0-dev"

[[package]]
name = "tsui-view"
version = "0.1.0-dev"
dependencies = [
 "tsui-model",
 "tsui-viewmodel",
]

[[package]]
name = "tsui-viewmodel"
version = "0.1.0-dev"
dependencies = [
 "tsui-model",
]

[[package]]
name = "unicode-ident"
version = "1.0.24"
source = "registry+https://github.com/rust-lang/crates.io-index"
checksum = "e6e4313cd5fcd3dad5cafa179702e2b244f760991f45397d14d4ebf38247da75"

[[package]]
name = "unsynn"
version = "0.3.0"
source = "registry+https://github.com/rust-lang/crates.io-index"
checksum = "501a7adf1a4bd9951501e5c66621e972ef8874d787628b7f90e64f936ef7ec0a"
dependencies = [
 "mutants",
 "proc-macro2",
 "rustc-hash",
]
